
Microsoft Visual Studio Solution File, Format Version 12.00
# Visual Studio Version 17
VisualStudioVersion = 17.3.32929.385
MinimumVisualStudioVersion = 10.0.40219.1
Project("{FAE04EC0-301F-11D3-BF4B-00C04F79EFBC}") = "WebOdevDeneme", "WebOdevDeneme\WebOdevDeneme.csproj", "{FBDBF4E2-B04A-4329-9D20-F660E7C0B4CE}"
EndProject
Global
	GlobalSection(SolutionConfigurationPlatforms) = preSolution
		Debug|Any CPU = Debug|Any CPU
		Release|Any CPU = Release|Any CPU
	EndGlobalSection
	GlobalSection(ProjectConfigurationPlatforms) = postSolution
		{FBDBF4E2-B04A-4329-9D20-F660E7C0B4CE}.Debug|Any CPU.ActiveCfg = Debug|Any CPU
		{FBDBF4E2-B04A-4329-9D20-F660E7C0B4CE}.Debug|Any CPU.Build.0 = Debug|Any CPU
		{FBDBF4E2-B04A-4329-9D20-F660E7C0B4CE}.Release|Any CPU.ActiveCfg = Release|Any CPU
		{FBDBF4E2-B04A-4329-9D20-F660E7C0B4CE}.Release|Any CPU.Build.0 = Release|Any CPU
	EndGlobalSection
	GlobalSection(SolutionProperties) = preSolution
		HideSolutionNode = FALSE
	EndGlobalSection
	GlobalSection(ExtensibilityGlobals) = postSolution
		SolutionGuid = {58301F34-1A8B-4387-888E-66BFD5C2A073}
	EndGlobalSection
EndGlobal
